
Microsoft Visual Studio Solution File, Format Version 12.00
# Visual Studio Version 16
VisualStudioVersion = 16.0.31829.152
MinimumVisualStudioVersion = 10.0.40219.1
Project("{2150E333-8FDC-42A3-9474-1A3956D46DE8}") = "src", "src", "{09B4A180-7281-442F-A85F-E45EC897FF7E}"
EndProject
Project("{9A19103F-16F7-4668-BE54-9A1E7A4F7556}") = "Data", "Data\Data.csproj", "{076C8BD6-4C43-4EC6-91E1-27E9B08B4B98}"
EndProject
Project("{9A19103F-16F7-4668-BE54-9A1E7A4F7556}") = "Domain", "Domain\Domain.csproj", "{5CE6E558-5990-4FCF-9887-40A77FE8351D}"
EndProject
Project("{9A19103F-16F7-4668-BE54-9A1E7A4F7556}") = "Service", "Service\Service.csproj", "{52A636E9-F6F7-43E8-967C-C3CA14E7F78F}"
EndProject
Project("{9A19103F-16F7-4668-BE54-9A1E7A4F7556}") = "DI", "DI\DI.csproj", "{021C7A5C-4EC1-4BB9-94E7-B93F338CE762}"
EndProject
Project("{9A19103F-16F7-4668-BE54-9A1E7A4F7556}") = "API", "API\API.csproj", "{60E7C47E-1355-4908-8B55-E5B588285A70}"
EndProject
Project("{9A19103F-16F7-4668-BE54-9A1E7A4F7556}") = "Services.UnitTests", "Services.UnitTests\Services.UnitTests.csproj", "{CA8C6B90-8695-4074-BAFC-ACF1E0FFFB73}"
EndProject
Project("{9A19103F-16F7-4668-BE54-9A1E7A4F7556}") = "API.Integration.Test", "API.Integration.Test\API.Integration.Test.csproj", "{ADB37177-5DAE-4879-9CFA-8133F48C2D43}"
EndProject
Project("{9A19103F-16F7-4668-BE54-9A1E7A4F7556}") = "IntegratorRabbitMq", "IntegratorRabbitMq\IntegratorRabbitMq.csproj", "{3369EC79-B831-48A8-A5D4-D665DFAB6271}"
EndProject
Project("{9A19103F-16F7-4668-BE54-9A1E7A4F7556}") = "IntegratorHttpClient", "IntegratorHttpClient\IntegratorHttpClient.csproj", "{F749781E-2BFD-4BC2-943F-564B3A4F5DF9}"
EndProject
Project("{FAE04EC0-301F-11D3-BF4B-00C04F79EFBC}") = "Integrator.UnitTests", "Integrator.UnitTests\Integrator.UnitTests.csproj", "{48A43D9D-5CFD-4238-B90F-83E3E1D8AFBE}"
EndProject
Global
	GlobalSection(SolutionConfigurationPlatforms) = preSolution
		Debug|Any CPU = Debug|Any CPU
		Release|Any CPU = Release|Any CPU
	EndGlobalSection
	GlobalSection(ProjectConfigurationPlatforms) = postSolution
		{076C8BD6-4C43-4EC6-91E1-27E9B08B4B98}.Debug|Any CPU.ActiveCfg = Debug|Any CPU
		{076C8BD6-4C43-4EC6-91E1-27E9B08B4B98}.Debug|Any CPU.Build.0 = Debug|Any CPU
		{076C8BD6-4C43-4EC6-91E1-27E9B08B4B98}.Release|Any CPU.ActiveCfg = Release|Any CPU
		{076C8BD6-4C43-4EC6-91E1-27E9B08B4B98}.Release|Any CPU.Build.0 = Release|Any CPU
		{5CE6E558-5990-4FCF-9887-40A77FE8351D}.Debug|Any CPU.ActiveCfg = Debug|Any CPU
		{5CE6E558-5990-4FCF-9887-40A77FE8351D}.Debug|Any CPU.Build.0 = Debug|Any CPU
		{5CE6E558-5990-4FCF-9887-40A77FE8351D}.Release|Any CPU.ActiveCfg = Release|Any CPU
		{5CE6E558-5990-4FCF-9887-40A77FE8351D}.Release|Any CPU.Build.0 = Release|Any CPU
		{52A636E9-F6F7-43E8-967C-C3CA14E7F78F}.Debug|Any CPU.ActiveCfg = Debug|Any CPU
		{52A636E9-F6F7-43E8-967C-C3CA14E7F78F}.Debug|Any CPU.Build.0 = Debug|Any CPU
		{52A636E9-F6F7-43E8-967C-C3CA14E7F78F}.Release|Any CPU.ActiveCfg = Release|Any CPU
		{52A636E9-F6F7-43E8-967C-C3CA14E7F78F}.Release|Any CPU.Build.0 = Release|Any CPU
		{021C7A5C-4EC1-4BB9-94E7-B93F338CE762}.Debug|Any CPU.ActiveCfg = Debug|Any CPU
		{021C7A5C-4EC1-4BB9-94E7-B93F338CE762}.Debug|Any CPU.Build.0 = Debug|Any CPU
		{021C7A5C-4EC1-4BB9-94E7-B93F338CE762}.Release|Any CPU.ActiveCfg = Release|Any CPU
		{021C7A5C-4EC1-4BB9-94E7-B93F338CE762}.Release|Any CPU.Build.0 = Release|Any CPU
		{60E7C47E-1355-4908-8B55-E5B588285A70}.Debug|Any CPU.ActiveCfg = Debug|Any CPU
		{60E7C47E-1355-4908-8B55-E5B588285A70}.Debug|Any CPU.Build.0 = Debug|Any CPU
		{60E7C47E-1355-4908-8B55-E5B588285A70}.Release|Any CPU.ActiveCfg = Release|Any CPU
		{60E7C47E-1355-4908-8B55-E5B588285A70}.Release|Any CPU.Build.0 = Release|Any CPU
		{CA8C6B90-8695-4074-BAFC-ACF1E0FFFB73}.Debug|Any CPU.ActiveCfg = Debug|Any CPU
		{CA8C6B90-8695-4074-BAFC-ACF1E0FFFB73}.Debug|Any CPU.Build.0 = Debug|Any CPU
		{CA8C6B90-8695-4074-BAFC-ACF1E0FFFB73}.Release|Any CPU.ActiveCfg = Release|Any CPU
		{CA8C6B90-8695-4074-BAFC-ACF1E0FFFB73}.Release|Any CPU.Build.0 = Release|Any CPU
		{ADB37177-5DAE-4879-9CFA-8133F48C2D43}.Debug|Any CPU.ActiveCfg = Debug|Any CPU
		{ADB37177-5DAE-4879-9CFA-8133F48C2D43}.Debug|Any CPU.Build.0 = Debug|Any CPU
		{ADB37177-5DAE-4879-9CFA-8133F48C2D43}.Release|Any CPU.ActiveCfg = Release|Any CPU
		{ADB37177-5DAE-4879-9CFA-8133F48C2D43}.Release|Any CPU.Build.0 = Release|Any CPU
		{3369EC79-B831-48A8-A5D4-D665DFAB6271}.Debug|Any CPU.ActiveCfg = Debug|Any CPU
		{3369EC79-B831-48A8-A5D4-D665DFAB6271}.Debug|Any CPU.Build.0 = Debug|Any CPU
		{3369EC79-B831-48A8-A5D4-D665DFAB6271}.Release|Any CPU.ActiveCfg = Release|Any CPU
		{3369EC79-B831-48A8-A5D4-D665DFAB6271}.Release|Any CPU.Build.0 = Release|Any CPU
		{F749781E-2BFD-4BC2-943F-564B3A4F5DF9}.Debug|Any CPU.ActiveCfg = Debug|Any CPU
		{F749781E-2BFD-4BC2-943F-564B3A4F5DF9}.Debug|Any CPU.Build.0 = Debug|Any CPU
		{F749781E-2BFD-4BC2-943F-564B3A4F5DF9}.Release|Any CPU.ActiveCfg = Release|Any CPU
		{F749781E-2BFD-4BC2-943F-564B3A4F5DF9}.Release|Any CPU.Build.0 = Release|Any CPU
		{48A43D9D-5CFD-4238-B90F-83E3E1D8AFBE}.Debug|Any CPU.ActiveCfg = Debug|Any CPU
		{48A43D9D-5CFD-4238-B90F-83E3E1D8AFBE}.Debug|Any CPU.Build.0 = Debug|Any CPU
		{48A43D9D-5CFD-4238-B90F-83E3E1D8AFBE}.Release|Any CPU.ActiveCfg = Release|Any CPU
		{48A43D9D-5CFD-4238-B90F-83E3E1D8AFBE}.Release|Any CPU.Build.0 = Release|Any CPU
	EndGlobalSection
	GlobalSection(SolutionProperties) = preSolution
		HideSolutionNode = FALSE
	EndGlobalSection
	GlobalSection(NestedProjects) = preSolution
		{076C8BD6-4C43-4EC6-91E1-27E9B08B4B98} = {09B4A180-7281-442F-A85F-E45EC897FF7E}
		{5CE6E558-5990-4FCF-9887-40A77FE8351D} = {09B4A180-7281-442F-A85F-E45EC897FF7E}
		{52A636E9-F6F7-43E8-967C-C3CA14E7F78F} = {09B4A180-7281-442F-A85F-E45EC897FF7E}
		{021C7A5C-4EC1-4BB9-94E7-B93F338CE762} = {09B4A180-7281-442F-A85F-E45EC897FF7E}
		{60E7C47E-1355-4908-8B55-E5B588285A70} = {09B4A180-7281-442F-A85F-E45EC897FF7E}
		{CA8C6B90-8695-4074-BAFC-ACF1E0FFFB73} = {09B4A180-7281-442F-A85F-E45EC897FF7E}
		{ADB37177-5DAE-4879-9CFA-8133F48C2D43} = {09B4A180-7281-442F-A85F-E45EC897FF7E}
		{3369EC79-B831-48A8-A5D4-D665DFAB6271} = {09B4A180-7281-442F-A85F-E45EC897FF7E}
		{F749781E-2BFD-4BC2-943F-564B3A4F5DF9} = {09B4A180-7281-442F-A85F-E45EC897FF7E}
		{48A43D9D-5CFD-4238-B90F-83E3E1D8AFBE} = {09B4A180-7281-442F-A85F-E45EC897FF7E}
	EndGlobalSection
	GlobalSection(ExtensibilityGlobals) = postSolution
		SolutionGuid = {97719FFD-38E8-4EDB-BE42-892132573945}
	EndGlobalSection
EndGlobal
